
Microsoft Visual Studio Solution File, Format Version 12.00
# Visual Studio Version 17
VisualStudioVersion = 17.0.31903.59
MinimumVisualStudioVersion = 10.0.40219.1
Project("{2150E333-8FDC-42A3-9474-1A3956D46DE8}") = "src", "src", "{827E0CD3-B72D-47B6-A68D-7590B98EB39B}"
EndProject
Project("{FAE04EC0-301F-11D3-BF4B-00C04F79EFBC}") = "SimplePubManager.Domain", "src\SimplePubManager.Domain\SimplePubManager.Domain.csproj", "{32661EA3-9F1D-45D1-9189-84D58591563B}"
EndProject
Project("{FAE04EC0-301F-11D3-BF4B-00C04F79EFBC}") = "SimplePubManager.Application", "src\SimplePubManager.Application\SimplePubManager.Application.csproj", "{75193822-6F0E-4E6B-AEE4-87E9EC756581}"
EndProject
Project("{FAE04EC0-301F-11D3-BF4B-00C04F79EFBC}") = "SimplePubManager.Infrastructure", "src\SimplePubManager.Infrastructure\SimplePubManager.Infrastructure.csproj", "{5DFB8A1A-8B92-4164-A920-C81A0E4E81B7}"
EndProject
Project("{FAE04EC0-301F-11D3-BF4B-00C04F79EFBC}") = "SimplePubManager.Shared", "src\SimplePubManager.Shared\SimplePubManager.Shared.csproj", "{8129BE08-73B7-4252-B51E-4453863CB19C}"
EndProject
Project("{FAE04EC0-301F-11D3-BF4B-00C04F79EFBC}") = "SimplePubManager.Api", "src\SimplePubManager.Api\SimplePubManager.Api.csproj", "{B5704633-311C-4DFB-8B7D-E33F29520615}"
EndProject
Project("{FAE04EC0-301F-11D3-BF4B-00C04F79EFBC}") = "SimplePubManager.Application.Tests", "tests\SimplePubManager.Application.Tests\SimplePubManager.Application.Tests.csproj", "{5978AED3-5AD0-4E1B-AE8D-7B4F6470B0D6}"
EndProject
Project("{FAE04EC0-301F-11D3-BF4B-00C04F79EFBC}") = "SimplePubManager.Infrastructure.Tests", "tests\SimplePubManager.Infrastructure.Tests\SimplePubManager.Infrastructure.Tests.csproj", "{4323457E-38FC-4E3D-A321-02BE363ED6AB}"
EndProject
Project("{FAE04EC0-301F-11D3-BF4B-00C04F79EFBC}") = "SimplePubManager.Api.Tests", "tests\SimplePubManager.Api.Tests\SimplePubManager.Api.Tests.csproj", "{83F0B79F-9F6B-44F4-A781-5BAC0DB206CC}"
EndProject
Global
	GlobalSection(SolutionConfigurationPlatforms) = preSolution
		Debug|Any CPU = Debug|Any CPU
		Debug|x64 = Debug|x64
		Debug|x86 = Debug|x86
		Release|Any CPU = Release|Any CPU
		Release|x64 = Release|x64
		Release|x86 = Release|x86
	EndGlobalSection
	GlobalSection(ProjectConfigurationPlatforms) = postSolution
		{32661EA3-9F1D-45D1-9189-84D58591563B}.Debug|Any CPU.ActiveCfg = Debug|Any CPU
		{32661EA3-9F1D-45D1-9189-84D58591563B}.Debug|Any CPU.Build.0 = Debug|Any CPU
		{32661EA3-9F1D-45D1-9189-84D58591563B}.Debug|x64.ActiveCfg = Debug|Any CPU
		{32661EA3-9F1D-45D1-9189-84D58591563B}.Debug|x64.Build.0 = Debug|Any CPU
		{32661EA3-9F1D-45D1-9189-84D58591563B}.Debug|x86.ActiveCfg = Debug|Any CPU
		{32661EA3-9F1D-45D1-9189-84D58591563B}.Debug|x86.Build.0 = Debug|Any CPU
		{32661EA3-9F1D-45D1-9189-84D58591563B}.Release|Any CPU.ActiveCfg = Release|Any CPU
		{32661EA3-9F1D-45D1-9189-84D58591563B}.Release|Any CPU.Build.0 = Release|Any CPU
		{32661EA3-9F1D-45D1-9189-84D58591563B}.Release|x64.ActiveCfg = Release|Any CPU
		{32661EA3-9F1D-45D1-9189-84D58591563B}.Release|x64.Build.0 = Release|Any CPU
		{32661EA3-9F1D-45D1-9189-84D58591563B}.Release|x86.ActiveCfg = Release|Any CPU
		{32661EA3-9F1D-45D1-9189-84D58591563B}.Release|x86.Build.0 = Release|Any CPU
		{75193822-6F0E-4E6B-AEE4-87E9EC756581}.Debug|Any CPU.ActiveCfg = Debug|Any CPU
		{75193822-6F0E-4E6B-AEE4-87E9EC756581}.Debug|Any CPU.Build.0 = Debug|Any CPU
		{75193822-6F0E-4E6B-AEE4-87E9EC756581}.Debug|x64.ActiveCfg = Debug|Any CPU
		{75193822-6F0E-4E6B-AEE4-87E9EC756581}.Debug|x64.Build.0 = Debug|Any CPU
		{75193822-6F0E-4E6B-AEE4-87E9EC756581}.Debug|x86.ActiveCfg = Debug|Any CPU
		{75193822-6F0E-4E6B-AEE4-87E9EC756581}.Debug|x86.Build.0 = Debug|Any CPU
		{75193822-6F0E-4E6B-AEE4-87E9EC756581}.Release|Any CPU.ActiveCfg = Release|Any CPU
		{75193822-6F0E-4E6B-AEE4-87E9EC756581}.Release|Any CPU.Build.0 = Release|Any CPU
		{75193822-6F0E-4E6B-AEE4-87E9EC756581}.Release|x64.ActiveCfg = Release|Any CPU
		{75193822-6F0E-4E6B-AEE4-87E9EC756581}.Release|x64.Build.0 = Release|Any CPU
		{75193822-6F0E-4E6B-AEE4-87E9EC756581}.Release|x86.ActiveCfg = Release|Any CPU
		{75193822-6F0E-4E6B-AEE4-87E9EC756581}.Release|x86.Build.0 = Release|Any CPU
		{5DFB8A1A-8B92-4164-A920-C81A0E4E81B7}.Debug|Any CPU.ActiveCfg = Debug|Any CPU
		{5DFB8A1A-8B92-4164-A920-C81A0E4E81B7}.Debug|Any CPU.Build.0 = Debug|Any CPU
		{5DFB8A1A-8B92-4164-A920-C81A0E4E81B7}.Debug|x64.ActiveCfg = Debug|Any CPU
		{5DFB8A1A-8B92-4164-A920-C81A0E4E81B7}.Debug|x64.Build.0 = Debug|Any CPU
		{5DFB8A1A-8B92-4164-A920-C81A0E4E81B7}.Debug|x86.ActiveCfg = Debug|Any CPU
		{5DFB8A1A-8B92-4164-A920-C81A0E4E81B7}.Debug|x86.Build.0 = Debug|Any CPU
		{5DFB8A1A-8B92-4164-A920-C81A0E4E81B7}.Release|Any CPU.ActiveCfg = Release|Any CPU
		{5DFB8A1A-8B92-4164-A920-C81A0E4E81B7}.Release|Any CPU.Build.0 = Release|Any CPU
		{5DFB8A1A-8B92-4164-A920-C81A0E4E81B7}.Release|x64.ActiveCfg = Release|Any CPU
		{5DFB8A1A-8B92-4164-A920-C81A0E4E81B7}.Release|x64.Build.0 = Release|Any CPU
		{5DFB8A1A-8B92-4164-A920-C81A0E4E81B7}.Release|x86.ActiveCfg = Release|Any CPU
		{5DFB8A1A-8B92-4164-A920-C81A0E4E81B7}.Release|x86.Build.0 = Release|Any CPU
		{8129BE08-73B7-4252-B51E-4453863CB19C}.Debug|Any CPU.ActiveCfg = Debug|Any CPU
		{8129BE08-73B7-4252-B51E-4453863CB19C}.Debug|Any CPU.Build.0 = Debug|Any CPU
		{8129BE08-73B7-4252-B51E-4453863CB19C}.Debug|x64.ActiveCfg = Debug|Any CPU
		{8129BE08-73B7-4252-B51E-4453863CB19C}.Debug|x64.Build.0 = Debug|Any CPU
		{8129BE08-73B7-4252-B51E-4453863CB19C}.Debug|x86.ActiveCfg = Debug|Any CPU
		{8129BE08-73B7-4252-B51E-4453863CB19C}.Debug|x86.Build.0 = Debug|Any CPU
		{8129BE08-73B7-4252-B51E-4453863CB19C}.Release|Any CPU.ActiveCfg = Release|Any CPU
		{8129BE08-73B7-4252-B51E-4453863CB19C}.Release|Any CPU.Build.0 = Release|Any CPU
		{8129BE08-73B7-4252-B51E-4453863CB19C}.Release|x64.ActiveCfg = Release|Any CPU
		{8129BE08-73B7-4252-B51E-4453863CB19C}.Release|x64.Build.0 = Release|Any CPU
		{8129BE08-73B7-4252-B51E-4453863CB19C}.Release|x86.ActiveCfg = Release|Any CPU
		{8129BE08-73B7-4252-B51E-4453863CB19C}.Release|x86.Build.0 = Release|Any CPU
		{B5704633-311C-4DFB-8B7D-E33F29520615}.Debug|Any CPU.ActiveCfg = Debug|Any CPU
		{B5704633-311C-4DFB-8B7D-E33F29520615}.Debug|Any CPU.Build.0 = Debug|Any CPU
		{B5704633-311C-4DFB-8B7D-E33F29520615}.Debug|x64.ActiveCfg = Debug|Any CPU
		{B5704633-311C-4DFB-8B7D-E33F29520615}.Debug|x64.Build.0 = Debug|Any CPU
		{B5704633-311C-4DFB-8B7D-E33F29520615}.Debug|x86.ActiveCfg = Debug|Any CPU
		{B5704633-311C-4DFB-8B7D-E33F29520615}.Debug|x86.Build.0 = Debug|Any CPU
		{B5704633-311C-4DFB-8B7D-E33F29520615}.Release|Any CPU.ActiveCfg = Release|Any CPU
		{B5704633-311C-4DFB-8B7D-E33F29520615}.Release|Any CPU.Build.0 = Release|Any CPU
		{B5704633-311C-4DFB-8B7D-E33F29520615}.Release|x64.ActiveCfg = Release|Any CPU
		{B5704633-311C-4DFB-8B7D-E33F29520615}.Release|x64.Build.0 = Release|Any CPU
		{B5704633-311C-4DFB-8B7D-E33F29520615}.Release|x86.ActiveCfg = Release|Any CPU
		{B5704633-311C-4DFB-8B7D-E33F29520615}.Release|x86.Build.0 = Release|Any CPU
		{5978AED3-5AD0-4E1B-AE8D-7B4F6470B0D6}.Debug|Any CPU.ActiveCfg = Debug|Any CPU
		{5978AED3-5AD0-4E1B-AE8D-7B4F6470B0D6}.Debug|Any CPU.Build.0 = Debug|Any CPU
		{5978AED3-5AD0-4E1B-AE8D-7B4F6470B0D6}.Debug|x64.ActiveCfg = Debug|Any CPU
		{5978AED3-5AD0-4E1B-AE8D-7B4F6470B0D6}.Debug|x64.Build.0 = Debug|Any CPU
		{5978AED3-5AD0-4E1B-AE8D-7B4F6470B0D6}.Debug|x86.ActiveCfg = Debug|Any CPU
		{5978AED3-5AD0-4E1B-AE8D-7B4F6470B0D6}.Debug|x86.Build.0 = Debug|Any CPU
		{5978AED3-5AD0-4E1B-AE8D-7B4F6470B0D6}.Release|Any CPU.ActiveCfg = Release|Any CPU
		{5978AED3-5AD0-4E1B-AE8D-7B4F6470B0D6}.Release|Any CPU.Build.0 = Release|Any CPU
		{5978AED3-5AD0-4E1B-AE8D-7B4F6470B0D6}.Release|x64.ActiveCfg = Release|Any CPU
		{5978AED3-5AD0-4E1B-AE8D-7B4F6470B0D6}.Release|x64.Build.0 = Release|Any CPU
		{5978AED3-5AD0-4E1B-AE8D-7B4F6470B0D6}.Release|x86.ActiveCfg = Release|Any CPU
		{5978AED3-5AD0-4E1B-AE8D-7B4F6470B0D6}.Release|x86.Build.0 = Release|Any CPU
		{4323457E-38FC-4E3D-A321-02BE363ED6AB}.Debug|Any CPU.ActiveCfg = Debug|Any CPU
		{4323457E-38FC-4E3D-A321-02BE363ED6AB}.Debug|Any CPU.Build.0 = Debug|Any CPU
		{4323457E-38FC-4E3D-A321-02BE363ED6AB}.Debug|x64.ActiveCfg = Debug|Any CPU
		{4323457E-38FC-4E3D-A321-02BE363ED6AB}.Debug|x64.Build.0 = Debug|Any CPU
		{4323457E-38FC-4E3D-A321-02BE363ED6AB}.Debug|x86.ActiveCfg = Debug|Any CPU
		{4323457E-38FC-4E3D-A321-02BE363ED6AB}.Debug|x86.Build.0 = Debug|Any CPU
		{4323457E-38FC-4E3D-A321-02BE363ED6AB}.Release|Any CPU.ActiveCfg = Release|Any CPU
		{4323457E-38FC-4E3D-A321-02BE363ED6AB}.Release|Any CPU.Build.0 = Release|Any CPU
		{4323457E-38FC-4E3D-A321-02BE363ED6AB}.Release|x64.ActiveCfg = Release|Any CPU
		{4323457E-38FC-4E3D-A321-02BE363ED6AB}.Release|x64.Build.0 = Release|Any CPU
		{4323457E-38FC-4E3D-A321-02BE363ED6AB}.Release|x86.ActiveCfg = Release|Any CPU
		{4323457E-38FC-4E3D-A321-02BE363ED6AB}.Release|x86.Build.0 = Release|Any CPU
		{83F0B79F-9F6B-44F4-A781-5BAC0DB206CC}.Debug|Any CPU.ActiveCfg = Debug|Any CPU
		{83F0B79F-9F6B-44F4-A781-5BAC0DB206CC}.Debug|Any CPU.Build.0 = Debug|Any CPU
		{83F0B79F-9F6B-44F4-A781-5BAC0DB206CC}.Debug|x64.ActiveCfg = Debug|Any CPU
		{83F0B79F-9F6B-44F4-A781-5BAC0DB206CC}.Debug|x64.Build.0 = Debug|Any CPU
		{83F0B79F-9F6B-44F4-A781-5BAC0DB206CC}.Debug|x86.ActiveCfg = Debug|Any CPU
		{83F0B79F-9F6B-44F4-A781-5BAC0DB206CC}.Debug|x86.Build.0 = Debug|Any CPU
		{83F0B79F-9F6B-44F4-A781-5BAC0DB206CC}.Release|Any CPU.ActiveCfg = Release|Any CPU
		{83F0B79F-9F6B-44F4-A781-5BAC0DB206CC}.Release|Any CPU.Build.0 = Release|Any CPU
		{83F0B79F-9F6B-44F4-A781-5BAC0DB206CC}.Release|x64.ActiveCfg = Release|Any CPU
		{83F0B79F-9F6B-44F4-A781-5BAC0DB206CC}.Release|x64.Build.0 = Release|Any CPU
		{83F0B79F-9F6B-44F4-A781-5BAC0DB206CC}.Release|x86.ActiveCfg = Release|Any CPU
		{83F0B79F-9F6B-44F4-A781-5BAC0DB206CC}.Release|x86.Build.0 = Release|Any CPU
	EndGlobalSection
	GlobalSection(SolutionProperties) = preSolution
		HideSolutionNode = FALSE
	EndGlobalSection
	GlobalSection(NestedProjects) = preSolution
		{32661EA3-9F1D-45D1-9189-84D58591563B} = {827E0CD3-B72D-47B6-A68D-7590B98EB39B}
		{75193822-6F0E-4E6B-AEE4-87E9EC756581} = {827E0CD3-B72D-47B6-A68D-7590B98EB39B}
		{5DFB8A1A-8B92-4164-A920-C81A0E4E81B7} = {827E0CD3-B72D-47B6-A68D-7590B98EB39B}
		{8129BE08-73B7-4252-B51E-4453863CB19C} = {827E0CD3-B72D-47B6-A68D-7590B98EB39B}
		{B5704633-311C-4DFB-8B7D-E33F29520615} = {827E0CD3-B72D-47B6-A68D-7590B98EB39B}
		{5978AED3-5AD0-4E1B-AE8D-7B4F6470B0D6} = {827E0CD3-B72D-47B6-A68D-7590B98EB39B}
		{4323457E-38FC-4E3D-A321-02BE363ED6AB} = {827E0CD3-B72D-47B6-A68D-7590B98EB39B}
		{83F0B79F-9F6B-44F4-A781-5BAC0DB206CC} = {827E0CD3-B72D-47B6-A68D-7590B98EB39B}
	EndGlobalSection
EndGlobal
